
Microsoft Visual Studio Solution File, Format Version 12.00
# Visual Studio Version 16
VisualStudioVersion = 16.0.30517.126
MinimumVisualStudioVersion = 10.0.40219.1
Project("{FAE04EC0-301F-11D3-BF4B-00C04F79EFBC}") = "InterviewTasks", "InterviewTasks\InterviewTasks.csproj", "{7EDB9519-93E1-4C0B-A436-E4F61C4DFD88}"
EndProject
Global
	GlobalSection(SolutionConfigurationPlatforms) = preSolution
		Debug|Any CPU = Debug|Any CPU
		Release|Any CPU = Release|Any CPU
	EndGlobalSection
	GlobalSection(ProjectConfigurationPlatforms) = postSolution
		{7EDB9519-93E1-4C0B-A436-E4F61C4DFD88}.Debug|Any CPU.ActiveCfg = Debug|Any CPU
		{7EDB9519-93E1-4C0B-A436-E4F61C4DFD88}.Debug|Any CPU.Build.0 = Debug|Any CPU
		{7EDB9519-93E1-4C0B-A436-E4F61C4DFD88}.Release|Any CPU.ActiveCfg = Release|Any CPU
		{7EDB9519-93E1-4C0B-A436-E4F61C4DFD88}.Release|Any CPU.Build.0 = Release|Any CPU
	EndGlobalSection
	GlobalSection(SolutionProperties) = preSolution
		HideSolutionNode = FALSE
	EndGlobalSection
	GlobalSection(ExtensibilityGlobals) = postSolution
		SolutionGuid = {EE1A3A1F-D028-4D7A-899C-947D0BCDCF97}
	EndGlobalSection
EndGlobal
